
Microsoft Visual Studio Solution File, Format Version 12.00
# Visual Studio Version 16
VisualStudioVersion = 25.0.1705.4
MinimumVisualStudioVersion = 10.0.40219.1
Project("{FAE04EC0-301F-11D3-BF4B-00C04F79EFBC}") = "TradingEngine", "TradingEngine\TradingEngine.csproj", "{68F7DFBD-586A-4FFE-96CA-66FF238C547C}"
EndProject
Project("{FAE04EC0-301F-11D3-BF4B-00C04F79EFBC}") = "Logging", "Logging\Logging\Logging.csproj", "{7D46CA86-E51A-4BB4-A30C-347ACCEE98FA}"
EndProject
Global
	GlobalSection(SolutionConfigurationPlatforms) = preSolution
		Debug|Any CPU = Debug|Any CPU
		Release|Any CPU = Release|Any CPU
	EndGlobalSection
	GlobalSection(ProjectConfigurationPlatforms) = postSolution
		{68F7DFBD-586A-4FFE-96CA-66FF238C547C}.Debug|Any CPU.ActiveCfg = Debug|Any CPU
		{68F7DFBD-586A-4FFE-96CA-66FF238C547C}.Debug|Any CPU.Build.0 = Debug|Any CPU
		{68F7DFBD-586A-4FFE-96CA-66FF238C547C}.Release|Any CPU.ActiveCfg = Release|Any CPU
		{68F7DFBD-586A-4FFE-96CA-66FF238C547C}.Release|Any CPU.Build.0 = Release|Any CPU
		{7D46CA86-E51A-4BB4-A30C-347ACCEE98FA}.Debug|Any CPU.ActiveCfg = Debug|Any CPU
		{7D46CA86-E51A-4BB4-A30C-347ACCEE98FA}.Debug|Any CPU.Build.0 = Debug|Any CPU
		{7D46CA86-E51A-4BB4-A30C-347ACCEE98FA}.Release|Any CPU.ActiveCfg = Release|Any CPU
		{7D46CA86-E51A-4BB4-A30C-347ACCEE98FA}.Release|Any CPU.Build.0 = Release|Any CPU
	EndGlobalSection
	GlobalSection(SolutionProperties) = preSolution
		HideSolutionNode = FALSE
	EndGlobalSection
	GlobalSection(ExtensibilityGlobals) = postSolution
		SolutionGuid = {30C74420-C6B1-465A-9264-19C352E68455}
	EndGlobalSection
EndGlobal
